// !$*UTF8*$!
{
	archiveVersion = 1;
	classes = {
	};
	objectVersion = 46;
	objects = {

/* Begin PBXBuildFile section */
		DC64B3171CE57A7900F5F82C /* Theme.swift in Sources */ = {isa = PBXBuildFile; fileRef = DC64B3161CE57A7900F5F82C /* Theme.swift */; };
		DC64B3191CE57ECD00F5F82C /* BaseViewController.swift in Sources */ = {isa = PBXBuildFile; fileRef = DC64B3181CE57ECD00F5F82C /* BaseViewController.swift */; };
		DC64B31B1CE57F5100F5F82C /* GuideViewController.swift in Sources */ = {isa = PBXBuildFile; fileRef = DC64B31A1CE57F5100F5F82C /* GuideViewController.swift */; };
		DC64B31D1CE583DC00F5F82C /* GuideCell.swift in Sources */ = {isa = PBXBuildFile; fileRef = DC64B31C1CE583DC00F5F82C /* GuideCell.swift */; };
		DC64B3221CE588B900F5F82C /* ADViewController.swift in Sources */ = {isa = PBXBuildFile; fileRef = DC64B3211CE588B900F5F82C /* ADViewController.swift */; };
		DC64B3E21CE5929F00F5F82C /* SwiftDictModel.swift in Sources */ = {isa = PBXBuildFile; fileRef = DC64B3E11CE5929F00F5F82C /* SwiftDictModel.swift */; };
		DC64B3E41CE5941C00F5F82C /* MainAD.swift in Sources */ = {isa = PBXBuildFile; fileRef = DC64B3E31CE5941C00F5F82C /* MainAD.swift */; };
		DC64B3E71CE5D31F00F5F82C /* AnimationTabBarController.swift in Sources */ = {isa = PBXBuildFile; fileRef = DC64B3E61CE5D31F00F5F82C /* AnimationTabBarController.swift */; };
		DC64B3E91CE5D73500F5F82C /* ShopCarRedDotView.swift in Sources */ = {isa = PBXBuildFile; fileRef = DC64B3E81CE5D73500F5F82C /* ShopCarRedDotView.swift */; };
		DC64B3EB1CE5DD8D00F5F82C /* MainTabBarController.swift in Sources */ = {isa = PBXBuildFile; fileRef = DC64B3EA1CE5DD8D00F5F82C /* MainTabBarController.swift */; };
		DC64B3EE1CE5E09000F5F82C /* BaseNavigationController.swift in Sources */ = {isa = PBXBuildFile; fileRef = DC64B3ED1CE5E09000F5F82C /* BaseNavigationController.swift */; };
		DC64B3F21CE5E27600F5F82C /* AnimationViewController.swift in Sources */ = {isa = PBXBuildFile; fileRef = DC64B3F11CE5E27600F5F82C /* AnimationViewController.swift */; };
		DC64B3F71CE5E5CF00F5F82C /* HomeViewController.swift in Sources */ = {isa = PBXBuildFile; fileRef = DC64B3F61CE5E5CF00F5F82C /* HomeViewController.swift */; };
		DC64B3F91CE5E60F00F5F82C /* SelectedAdressViewController.swift in Sources */ = {isa = PBXBuildFile; fileRef = DC64B3F81CE5E60F00F5F82C /* SelectedAdressViewController.swift */; };
		DC64B3FB1CE5E68500F5F82C /* SupermarketViewController.swift in Sources */ = {isa = PBXBuildFile; fileRef = DC64B3FA1CE5E68500F5F82C /* SupermarketViewController.swift */; };
		DC64B3FD1CE5E6B300F5F82C /* ShopCartViewController.swift in Sources */ = {isa = PBXBuildFile; fileRef = DC64B3FC1CE5E6B300F5F82C /* ShopCartViewController.swift */; };
		DC64B3FF1CE5E6F200F5F82C /* MineViewController.swift in Sources */ = {isa = PBXBuildFile; fileRef = DC64B3FE1CE5E6F200F5F82C /* MineViewController.swift */; };
		DC6F06191CE42B450044068C /* AppDelegate.swift in Sources */ = {isa = PBXBuildFile; fileRef = DC6F06181CE42B450044068C /* AppDelegate.swift */; };
		DC6F061E1CE42B450044068C /* Main.storyboard in Resources */ = {isa = PBXBuildFile; fileRef = DC6F061C1CE42B450044068C /* Main.storyboard */; };
		DC6F06201CE42B450044068C /* Assets.xcassets in Resources */ = {isa = PBXBuildFile; fileRef = DC6F061F1CE42B450044068C /* Assets.xcassets */; };
		DC6F06231CE42B450044068C /* LaunchScreen.storyboard in Resources */ = {isa = PBXBuildFile; fileRef = DC6F06211CE42B450044068C /* LaunchScreen.storyboard */; };
		DC6F062E1CE42B460044068C /* TRAMVNXKTests.swift in Sources */ = {isa = PBXBuildFile; fileRef = DC6F062D1CE42B460044068C /* TRAMVNXKTests.swift */; };
		DC6F06391CE42B460044068C /* TRAMVNXKUITests.swift in Sources */ = {isa = PBXBuildFile; fileRef = DC6F06381CE42B460044068C /* TRAMVNXKUITests.swift */; };
		DC9B593B1CE60F09002E3F7B /* UIBarbuttonItem+Extention.swift in Sources */ = {isa = PBXBuildFile; fileRef = DC9B593A1CE60F09002E3F7B /* UIBarbuttonItem+Extention.swift */; };
		DC9B593D1CE60F5C002E3F7B /* ItemButton+Extention.swift in Sources */ = {isa = PBXBuildFile; fileRef = DC9B593C1CE60F5C002E3F7B /* ItemButton+Extention.swift */; };
		DC9B593F1CE6123F002E3F7B /* HomeTableHeadView.swift in Sources */ = {isa = PBXBuildFile; fileRef = DC9B593E1CE6123F002E3F7B /* HomeTableHeadView.swift */; };
		DC9B59411CE612F3002E3F7B /* PageScrollView.swift in Sources */ = {isa = PBXBuildFile; fileRef = DC9B59401CE612F3002E3F7B /* PageScrollView.swift */; };
/* End PBXBuildFile section */

/* Begin PBXContainerItemProxy section */
		DC6F062A1CE42B460044068C /* PBXContainerItemProxy */ = {
			isa = PBXContainerItemProxy;
			containerPortal = DC6F060D1CE42B450044068C /* Project object */;
			proxyType = 1;
			remoteGlobalIDString = DC6F06141CE42B450044068C;
			remoteInfo = TRAMVNXK;
		};
		DC6F06351CE42B460044068C /* PBXContainerItemProxy */ = {
			isa = PBXContainerItemProxy;
			containerPortal = DC6F060D1CE42B450044068C /* Project object */;
			proxyType = 1;
			remoteGlobalIDString = DC6F06141CE42B450044068C;
			remoteInfo = TRAMVNXK;
		};
/* End PBXContainerItemProxy section */

/* Begin PBXFileReference section */
		DC64B3161CE57A7900F5F82C /* Theme.swift */ = {isa = PBXFileReference; fileEncoding = 4; lastKnownFileType = sourcecode.swift; path = Theme.swift; sourceTree = "<group>"; };
		DC64B3181CE57ECD00F5F82C /* BaseViewController.swift */ = {isa = PBXFileReference; fileEncoding = 4; lastKnownFileType = sourcecode.swift; name = BaseViewController.swift; path = ../BaseViewController.swift; sourceTree = "<group>"; };
		DC64B31A1CE57F5100F5F82C /* GuideViewController.swift */ = {isa = PBXFileReference; fileEncoding = 4; lastKnownFileType = sourcecode.swift; path = GuideViewController.swift; sourceTree = "<group>"; };
		DC64B31C1CE583DC00F5F82C /* GuideCell.swift */ = {isa = PBXFileReference; fileEncoding = 4; lastKnownFileType = sourcecode.swift; path = GuideCell.swift; sourceTree = "<group>"; };
		DC64B3211CE588B900F5F82C /* ADViewController.swift */ = {isa = PBXFileReference; fileEncoding = 4; lastKnownFileType = sourcecode.swift; path = ADViewController.swift; sourceTree = "<group>"; };
		DC64B3E11CE5929F00F5F82C /* SwiftDictModel.swift */ = {isa = PBXFileReference; fileEncoding = 4; lastKnownFileType = sourcecode.swift; path = SwiftDictModel.swift; sourceTree = "<group>"; };
		DC64B3E31CE5941C00F5F82C /* MainAD.swift */ = {isa = PBXFileReference; fileEncoding = 4; lastKnownFileType = sourcecode.swift; path = MainAD.swift; sourceTree = "<group>"; };
		DC64B3E61CE5D31F00F5F82C /* AnimationTabBarController.swift */ = {isa = PBXFileReference; fileEncoding = 4; lastKnownFileType = sourcecode.swift; path = AnimationTabBarController.swift; sourceTree = "<group>"; };
		DC64B3E81CE5D73500F5F82C /* ShopCarRedDotView.swift */ = {isa = PBXFileReference; fileEncoding = 4; lastKnownFileType = sourcecode.swift; path = ShopCarRedDotView.swift; sourceTree = "<group>"; };
		DC64B3EA1CE5DD8D00F5F82C /* MainTabBarController.swift */ = {isa = PBXFileReference; fileEncoding = 4; lastKnownFileType = sourcecode.swift; path = MainTabBarController.swift; sourceTree = "<group>"; };
		DC64B3ED1CE5E09000F5F82C /* BaseNavigationController.swift */ = {isa = PBXFileReference; fileEncoding = 4; lastKnownFileType = sourcecode.swift; path = BaseNavigationController.swift; sourceTree = "<group>"; };
		DC64B3F11CE5E27600F5F82C /* AnimationViewController.swift */ = {isa = PBXFileReference; fileEncoding = 4; lastKnownFileType = sourcecode.swift; path = AnimationViewController.swift; sourceTree = "<group>"; };
		DC64B3F61CE5E5CF00F5F82C /* HomeViewController.swift */ = {isa = PBXFileReference; fileEncoding = 4; lastKnownFileType = sourcecode.swift; path = HomeViewController.swift; sourceTree = "<group>"; };
		DC64B3F81CE5E60F00F5F82C /* SelectedAdressViewController.swift */ = {isa = PBXFileReference; fileEncoding = 4; lastKnownFileType = sourcecode.swift; path = SelectedAdressViewController.swift; sourceTree = "<group>"; };
		DC64B3FA1CE5E68500F5F82C /* SupermarketViewController.swift */ = {isa = PBXFileReference; fileEncoding = 4; lastKnownFileType = sourcecode.swift; path = SupermarketViewController.swift; sourceTree = "<group>"; };
		DC64B3FC1CE5E6B300F5F82C /* ShopCartViewController.swift */ = {isa = PBXFileReference; fileEncoding = 4; lastKnownFileType = sourcecode.swift; path = ShopCartViewController.swift; sourceTree = "<group>"; };
		DC64B3FE1CE5E6F200F5F82C /* MineViewController.swift */ = {isa = PBXFileReference; fileEncoding = 4; lastKnownFileType = sourcecode.swift; path = MineViewController.swift; sourceTree = "<group>"; };
		DC6F06151CE42B450044068C /* TRAMVNXK.app */ = {isa = PBXFileReference; explicitFileType = wrapper.application; includeInIndex = 0; path = TRAMVNXK.app; sourceTree = BUILT_PRODUCTS_DIR; };
		DC6F06181CE42B450044068C /* AppDelegate.swift */ = {isa = PBXFileReference; lastKnownFileType = sourcecode.swift; path = AppDelegate.swift; sourceTree = "<group>"; };
		DC6F061D1CE42B450044068C /* Base */ = {isa = PBXFileReference; lastKnownFileType = file.storyboard; name = Base; path = Base.lproj/Main.storyboard; sourceTree = "<group>"; };
		DC6F061F1CE42B450044068C /* Assets.xcassets */ = {isa = PBXFileReference; lastKnownFileType = folder.assetcatalog; path = Assets.xcassets; sourceTree = "<group>"; };
		DC6F06221CE42B450044068C /* Base */ = {isa = PBXFileReference; lastKnownFileType = file.storyboard; name = Base; path = Base.lproj/LaunchScreen.storyboard; sourceTree = "<group>"; };
		DC6F06241CE42B460044068C /* Info.plist */ = {isa = PBXFileReference; lastKnownFileType = text.plist.xml; path = Info.plist; sourceTree = "<group>"; };
		DC6F06291CE42B460044068C /* TRAMVNXKTests.xctest */ = {isa = PBXFileReference; explicitFileType = wrapper.cfbundle; includeInIndex = 0; path = TRAMVNXKTests.xctest; sourceTree = BUILT_PRODUCTS_DIR; };
		DC6F062D1CE42B460044068C /* TRAMVNXKTests.swift */ = {isa = PBXFileReference; lastKnownFileType = sourcecode.swift; path = TRAMVNXKTests.swift; sourceTree = "<group>"; };
		DC6F062F1CE42B460044068C /* Info.plist */ = {isa = PBXFileReference; lastKnownFileType = text.plist.xml; path = Info.plist; sourceTree = "<group>"; };
		DC6F06341CE42B460044068C /* TRAMVNXKUITests.xctest */ = {isa = PBXFileReference; explicitFileType = wrapper.cfbundle; includeInIndex = 0; path = TRAMVNXKUITests.xctest; sourceTree = BUILT_PRODUCTS_DIR; };
		DC6F06381CE42B460044068C /* TRAMVNXKUITests.swift */ = {isa = PBXFileReference; lastKnownFileType = sourcecode.swift; path = TRAMVNXKUITests.swift; sourceTree = "<group>"; };
		DC6F063A1CE42B460044068C /* Info.plist */ = {isa = PBXFileReference; lastKnownFileType = text.plist.xml; path = Info.plist; sourceTree = "<group>"; };
		DC9B593A1CE60F09002E3F7B /* UIBarbuttonItem+Extention.swift */ = {isa = PBXFileReference; fileEncoding = 4; lastKnownFileType = sourcecode.swift; path = "UIBarbuttonItem+Extention.swift"; sourceTree = "<group>"; };
		DC9B593C1CE60F5C002E3F7B /* ItemButton+Extention.swift */ = {isa = PBXFileReference; fileEncoding = 4; lastKnownFileType = sourcecode.swift; path = "ItemButton+Extention.swift"; sourceTree = "<group>"; };
		DC9B593E1CE6123F002E3F7B /* HomeTableHeadView.swift */ = {isa = PBXFileReference; fileEncoding = 4; lastKnownFileType = sourcecode.swift; path = HomeTableHeadView.swift; sourceTree = "<group>"; };
		DC9B59401CE612F3002E3F7B /* PageScrollView.swift */ = {isa = PBXFileReference; fileEncoding = 4; lastKnownFileType = sourcecode.swift; path = PageScrollView.swift; sourceTree = "<group>"; };
/* End PBXFileReference section */

/* Begin PBXFrameworksBuildPhase section */
		DC6F06121CE42B450044068C /* Frameworks */ = {
			isa = PBXFrameworksBuildPhase;
			buildActionMask = 2147483647;
			files = (
			);
			runOnlyForDeploymentPostprocessing = 0;
		};
		DC6F06261CE42B460044068C /* Frameworks */ = {
			isa = PBXFrameworksBuildPhase;
			buildActionMask = 2147483647;
			files = (
			);
			runOnlyForDeploymentPostprocessing = 0;
		};
		DC6F06311CE42B460044068C /* Frameworks */ = {
			isa = PBXFrameworksBuildPhase;
			buildActionMask = 2147483647;
			files = (
			);
			runOnlyForDeploymentPostprocessing = 0;
		};
/* End PBXFrameworksBuildPhase section */

/* Begin PBXGroup section */
		DC64B3151CE57A6600F5F82C /* Other */ = {
			isa = PBXGroup;
			children = (
				DC64B3161CE57A7900F5F82C /* Theme.swift */,
			);
			name = Other;
			sourceTree = "<group>";
		};
		DC64B31E1CE586A400F5F82C /* GuideView */ = {
			isa = PBXGroup;
			children = (
				DC64B31A1CE57F5100F5F82C /* GuideViewController.swift */,
				DC64B31C1CE583DC00F5F82C /* GuideCell.swift */,
			);
			name = GuideView;
			sourceTree = "<group>";
		};
		DC64B31F1CE5888400F5F82C /* AD */ = {
			isa = PBXGroup;
			children = (
				DC64B3201CE5889500F5F82C /* Model */,
				DC64B31E1CE586A400F5F82C /* GuideView */,
			);
			name = AD;
			sourceTree = "<group>";
		};
		DC64B3201CE5889500F5F82C /* Model */ = {
			isa = PBXGroup;
			children = (
				DC64B3211CE588B900F5F82C /* ADViewController.swift */,
				DC64B3E31CE5941C00F5F82C /* MainAD.swift */,
			);
			name = Model;
			sourceTree = "<group>";
		};
		DC64B3E01CE5927C00F5F82C /* Tools */ = {
			isa = PBXGroup;
			children = (
				DC64B3E11CE5929F00F5F82C /* SwiftDictModel.swift */,
				DC9B593A1CE60F09002E3F7B /* UIBarbuttonItem+Extention.swift */,
				DC9B593C1CE60F5C002E3F7B /* ItemButton+Extention.swift */,
			);
			name = Tools;
			sourceTree = "<group>";
		};
		DC64B3E51CE5D30E00F5F82C /* Base */ = {
			isa = PBXGroup;
			children = (
				DC64B3EC1CE5DDC600F5F82C /* Common */,
				DC64B3E81CE5D73500F5F82C /* ShopCarRedDotView.swift */,
				DC64B3F01CE5E26300F5F82C /* View Common */,
			);
			name = Base;
			sourceTree = "<group>";
		};
		DC64B3EC1CE5DDC600F5F82C /* Common */ = {
			isa = PBXGroup;
			children = (
				DC64B3181CE57ECD00F5F82C /* BaseViewController.swift */,
				DC64B3EA1CE5DD8D00F5F82C /* MainTabBarController.swift */,
				DC64B3E61CE5D31F00F5F82C /* AnimationTabBarController.swift */,
				DC64B3ED1CE5E09000F5F82C /* BaseNavigationController.swift */,
				DC64B3F81CE5E60F00F5F82C /* SelectedAdressViewController.swift */,
			);
			name = Common;
			sourceTree = "<group>";
		};
		DC64B3EF1CE5E15500F5F82C /* Home */ = {
			isa = PBXGroup;
			children = (
				DC64B3F61CE5E5CF00F5F82C /* HomeViewController.swift */,
				DC9B593E1CE6123F002E3F7B /* HomeTableHeadView.swift */,
				DC9B59401CE612F3002E3F7B /* PageScrollView.swift */,
			);
			name = Home;
			sourceTree = "<group>";
		};
		DC64B3F01CE5E26300F5F82C /* View Common */ = {
			isa = PBXGroup;
			children = (
				DC64B3F11CE5E27600F5F82C /* AnimationViewController.swift */,
			);
			name = "View Common";
			sourceTree = "<group>";
		};
		DC64B3F31CE5E58F00F5F82C /* SupperMarket */ = {
			isa = PBXGroup;
			children = (
				DC64B3FA1CE5E68500F5F82C /* SupermarketViewController.swift */,
			);
			name = SupperMarket;
			sourceTree = "<group>";
		};
		DC64B3F41CE5E5AD00F5F82C /* ShopCart */ = {
			isa = PBXGroup;
			children = (
				DC64B3FC1CE5E6B300F5F82C /* ShopCartViewController.swift */,
			);
			name = ShopCart;
			sourceTree = "<group>";
		};
		DC64B3F51CE5E5BD00F5F82C /* Mine */ = {
			isa = PBXGroup;
			children = (
				DC64B3FE1CE5E6F200F5F82C /* MineViewController.swift */,
			);
			name = Mine;
			sourceTree = "<group>";
		};
		DC6F060C1CE42B450044068C = {
			isa = PBXGroup;
			children = (
				DC6F06171CE42B450044068C /* TRAMVNXK */,
				DC6F062C1CE42B460044068C /* TRAMVNXKTests */,
				DC6F06371CE42B460044068C /* TRAMVNXKUITests */,
				DC6F06161CE42B450044068C /* Products */,
			);
			sourceTree = "<group>";
		};
		DC6F06161CE42B450044068C /* Products */ = {
			isa = PBXGroup;
			children = (
				DC6F06151CE42B450044068C /* TRAMVNXK.app */,
				DC6F06291CE42B460044068C /* TRAMVNXKTests.xctest */,
				DC6F06341CE42B460044068C /* TRAMVNXKUITests.xctest */,
			);
			name = Products;
			sourceTree = "<group>";
		};
		DC6F06171CE42B450044068C /* TRAMVNXK */ = {
			isa = PBXGroup;
			children = (
				DC6F06181CE42B450044068C /* AppDelegate.swift */,
				DC64B3E51CE5D30E00F5F82C /* Base */,
				DC64B31F1CE5888400F5F82C /* AD */,
				DC64B3EF1CE5E15500F5F82C /* Home */,
				DC64B3F31CE5E58F00F5F82C /* SupperMarket */,
				DC64B3F41CE5E5AD00F5F82C /* ShopCart */,
				DC64B3F51CE5E5BD00F5F82C /* Mine */,
				DC64B3E01CE5927C00F5F82C /* Tools */,
				DC64B3151CE57A6600F5F82C /* Other */,
				DC6F061C1CE42B450044068C /* Main.storyboard */,
				DC6F061F1CE42B450044068C /* Assets.xcassets */,
				DC6F06211CE42B450044068C /* LaunchScreen.storyboard */,
				DC6F06241CE42B460044068C /* Info.plist */,
			);
			path = TRAMVNXK;
			sourceTree = "<group>";
		};
		DC6F062C1CE42B460044068C /* TRAMVNXKTests */ = {
			isa = PBXGroup;
			children = (
				DC6F062D1CE42B460044068C /* TRAMVNXKTests.swift */,
				DC6F062F1CE42B460044068C /* Info.plist */,
			);
			path = TRAMVNXKTests;
			sourceTree = "<group>";
		};
		DC6F06371CE42B460044068C /* TRAMVNXKUITests */ = {
			isa = PBXGroup;
			children = (
				DC6F06381CE42B460044068C /* TRAMVNXKUITests.swift */,
				DC6F063A1CE42B460044068C /* Info.plist */,
			);
			path = TRAMVNXKUITests;
			sourceTree = "<group>";
		};
/* End PBXGroup section */

/* Begin PBXNativeTarget section */
		DC6F06141CE42B450044068C /* TRAMVNXK */ = {
			isa = PBXNativeTarget;
			buildConfigurationList = DC6F063D1CE42B460044068C /* Build configuration list for PBXNativeTarget "TRAMVNXK" */;
			buildPhases = (
				DC6F06111CE42B450044068C /* Sources */,
				DC6F06121CE42B450044068C /* Frameworks */,
				DC6F06131CE42B450044068C /* Resources */,
			);
			buildRules = (
			);
			dependencies = (
			);
			name = TRAMVNXK;
			productName = TRAMVNXK;
			productReference = DC6F06151CE42B450044068C /* TRAMVNXK.app */;
			productType = "com.apple.product-type.application";
		};
		DC6F06281CE42B460044068C /* TRAMVNXKTests */ = {
			isa = PBXNativeTarget;
			buildConfigurationList = DC6F06401CE42B460044068C /* Build configuration list for PBXNativeTarget "TRAMVNXKTests" */;
			buildPhases = (
				DC6F06251CE42B460044068C /* Sources */,
				DC6F06261CE42B460044068C /* Frameworks */,
				DC6F06271CE42B460044068C /* Resources */,
			);
			buildRules = (
			);
			dependencies = (
				DC6F062B1CE42B460044068C /* PBXTargetDependency */,
			);
			name = TRAMVNXKTests;
			productName = TRAMVNXKTests;
			productReference = DC6F06291CE42B460044068C /* TRAMVNXKTests.xctest */;
			productType = "com.apple.product-type.bundle.unit-test";
		};
		DC6F06331CE42B460044068C /* TRAMVNXKUITests */ = {
			isa = PBXNativeTarget;
			buildConfigurationList = DC6F06431CE42B460044068C /* Build configuration list for PBXNativeTarget "TRAMVNXKUITests" */;
			buildPhases = (
				DC6F06301CE42B460044068C /* Sources */,
				DC6F06311CE42B460044068C /* Frameworks */,
				DC6F06321CE42B460044068C /* Resources */,
			);
			buildRules = (
			);
			dependencies = (
				DC6F06361CE42B460044068C /* PBXTargetDependency */,
			);
			name = TRAMVNXKUITests;
			productName = TRAMVNXKUITests;
			productReference = DC6F06341CE42B460044068C /* TRAMVNXKUITests.xctest */;
			productType = "com.apple.product-type.bundle.ui-testing";
		};
/* End PBXNativeTarget section */

/* Begin PBXProject section */
		DC6F060D1CE42B450044068C /* Project object */ = {
			isa = PBXProject;
			attributes = {
				LastSwiftUpdateCheck = 0720;
				LastUpgradeCheck = 0720;
				ORGANIZATIONNAME = Tinh;
				TargetAttributes = {
					DC6F06141CE42B450044068C = {
						CreatedOnToolsVersion = 7.2;
					};
					DC6F06281CE42B460044068C = {
						CreatedOnToolsVersion = 7.2;
						TestTargetID = DC6F06141CE42B450044068C;
					};
					DC6F06331CE42B460044068C = {
						CreatedOnToolsVersion = 7.2;
						TestTargetID = DC6F06141CE42B450044068C;
					};
				};
			};
			buildConfigurationList = DC6F06101CE42B450044068C /* Build configuration list for PBXProject "TRAMVNXK" */;
			compatibilityVersion = "Xcode 3.2";
			developmentRegion = English;
			hasScannedForEncodings = 0;
			knownRegions = (
				en,
				Base,
				"zh-Hans",
			);
			mainGroup = DC6F060C1CE42B450044068C;
			productRefGroup = DC6F06161CE42B450044068C /* Products */;
			projectDirPath = "";
			projectRoot = "";
			targets = (
				DC6F06141CE42B450044068C /* TRAMVNXK */,
				DC6F06281CE42B460044068C /* TRAMVNXKTests */,
				DC6F06331CE42B460044068C /* TRAMVNXKUITests */,
			);
		};
/* End PBXProject section */

/* Begin PBXResourcesBuildPhase section */
		DC6F06131CE42B450044068C /* Resources */ = {
			isa = PBXResourcesBuildPhase;
			buildActionMask = 2147483647;
			files = (
				DC6F06231CE42B450044068C /* LaunchScreen.storyboard in Resources */,
				DC6F06201CE42B450044068C /* Assets.xcassets in Resources */,
				DC6F061E1CE42B450044068C /* Main.storyboard in Resources */,
			);
			runOnlyForDeploymentPostprocessing = 0;
		};
		DC6F06271CE42B460044068C /* Resources */ = {
			isa = PBXResourcesBuildPhase;
			buildActionMask = 2147483647;
			files = (
			);
			runOnlyForDeploymentPostprocessing = 0;
		};
		DC6F06321CE42B460044068C /* Resources */ = {
			isa = PBXResourcesBuildPhase;
			buildActionMask = 2147483647;
			files = (
			);
			runOnlyForDeploymentPostprocessing = 0;
		};
/* End PBXResourcesBuildPhase section */

/* Begin PBXSourcesBuildPhase section */
		DC6F06111CE42B450044068C /* Sources */ = {
			isa = PBXSourcesBuildPhase;
			buildActionMask = 2147483647;
			files = (
				DC64B3FD1CE5E6B300F5F82C /* ShopCartViewController.swift in Sources */,
				DC64B3E71CE5D31F00F5F82C /* AnimationTabBarController.swift in Sources */,
				DC64B3E91CE5D73500F5F82C /* ShopCarRedDotView.swift in Sources */,
				DC9B593B1CE60F09002E3F7B /* UIBarbuttonItem+Extention.swift in Sources */,
				DC64B3F91CE5E60F00F5F82C /* SelectedAdressViewController.swift in Sources */,
				DC64B3EB1CE5DD8D00F5F82C /* MainTabBarController.swift in Sources */,
				DC64B3171CE57A7900F5F82C /* Theme.swift in Sources */,
				DC64B3E41CE5941C00F5F82C /* MainAD.swift in Sources */,
				DC9B59411CE612F3002E3F7B /* PageScrollView.swift in Sources */,
				DC64B3F71CE5E5CF00F5F82C /* HomeViewController.swift in Sources */,
				DC9B593D1CE60F5C002E3F7B /* ItemButton+Extention.swift in Sources */,
				DC64B3E21CE5929F00F5F82C /* SwiftDictModel.swift in Sources */,
				DC64B3221CE588B900F5F82C /* ADViewController.swift in Sources */,
				DC9B593F1CE6123F002E3F7B /* HomeTableHeadView.swift in Sources */,
				DC64B31B1CE57F5100F5F82C /* GuideViewController.swift in Sources */,
				DC64B3FF1CE5E6F200F5F82C /* MineViewController.swift in Sources */,
				DC64B3EE1CE5E09000F5F82C /* BaseNavigationController.swift in Sources */,
				DC64B31D1CE583DC00F5F82C /* GuideCell.swift in Sources */,
				DC64B3FB1CE5E68500F5F82C /* SupermarketViewController.swift in Sources */,
				DC64B3F21CE5E27600F5F82C /* AnimationViewController.swift in Sources */,
				DC6F06191CE42B450044068C /* AppDelegate.swift in Sources */,
				DC64B3191CE57ECD00F5F82C /* BaseViewController.swift in Sources */,
			);
			runOnlyForDeploymentPostprocessing = 0;
		};
		DC6F06251CE42B460044068C /* Sources */ = {
			isa = PBXSourcesBuildPhase;
			buildActionMask = 2147483647;
			files = (
				DC6F062E1CE42B460044068C /* TRAMVNXKTests.swift in Sources */,
			);
			runOnlyForDeploymentPostprocessing = 0;
		};
		DC6F06301CE42B460044068C /* Sources */ = {
			isa = PBXSourcesBuildPhase;
			buildActionMask = 2147483647;
			files = (
				DC6F06391CE42B460044068C /* TRAMVNXKUITests.swift in Sources */,
			);
			runOnlyForDeploymentPostprocessing = 0;
		};
/* End PBXSourcesBuildPhase section */

/* Begin PBXTargetDependency section */
		DC6F062B1CE42B460044068C /* PBXTargetDependency */ = {
			isa = PBXTargetDependency;
			target = DC6F06141CE42B450044068C /* TRAMVNXK */;
			targetProxy = DC6F062A1CE42B460044068C /* PBXContainerItemProxy */;
		};
		DC6F06361CE42B460044068C /* PBXTargetDependency */ = {
			isa = PBXTargetDependency;
			target = DC6F06141CE42B450044068C /* TRAMVNXK */;
			targetProxy = DC6F06351CE42B460044068C /* PBXContainerItemProxy */;
		};
/* End PBXTargetDependency section */

/* Begin PBXVariantGroup section */
		DC6F061C1CE42B450044068C /* Main.storyboard */ = {
			isa = PBXVariantGroup;
			children = (
				DC6F061D1CE42B450044068C /* Base */,
			);
			name = Main.storyboard;
			sourceTree = "<group>";
		};
		DC6F06211CE42B450044068C /* LaunchScreen.storyboard */ = {
			isa = PBXVariantGroup;
			children = (
				DC6F06221CE42B450044068C /* Base */,
			);
			name = LaunchScreen.storyboard;
			sourceTree = "<group>";
		};
/* End PBXVariantGroup section */

/* Begin XCBuildConfiguration section */
		DC6F063B1CE42B460044068C /* Debug */ = {
			isa = XCBuildConfiguration;
			buildSettings = {
				ALWAYS_SEARCH_USER_PATHS = NO;
				CLANG_CXX_LANGUAGE_STANDARD = "gnu++0x";
				CLANG_CXX_LIBRARY = "libc++";
				CLANG_ENABLE_MODULES = YES;
				CLANG_ENABLE_OBJC_ARC = YES;
				CLANG_WARN_BOOL_CONVERSION = YES;
				CLANG_WARN_CONSTANT_CONVERSION = YES;
				CLANG_WARN_DIRECT_OBJC_ISA_USAGE = YES_ERROR;
				CLANG_WARN_EMPTY_BODY = YES;
				CLANG_WARN_ENUM_CONVERSION = YES;
				CLANG_WARN_INT_CONVERSION = YES;
				CLANG_WARN_OBJC_ROOT_CLASS = YES_ERROR;
				CLANG_WARN_UNREACHABLE_CODE = YES;
				CLANG_WARN__DUPLICATE_METHOD_MATCH = YES;
				"CODE_SIGN_IDENTITY[sdk=iphoneos*]" = "iPhone Developer";
				COPY_PHASE_STRIP = NO;
				DEBUG_INFORMATION_FORMAT = dwarf;
				ENABLE_STRICT_OBJC_MSGSEND = YES;
				ENABLE_TESTABILITY = YES;
				GCC_C_LANGUAGE_STANDARD = gnu99;
				GCC_DYNAMIC_NO_PIC = NO;
				GCC_NO_COMMON_BLOCKS = YES;
				GCC_OPTIMIZATION_LEVEL = 0;
				GCC_PREPROCESSOR_DEFINITIONS = (
					"DEBUG=1",
					"$(inherited)",
				);
				GCC_WARN_64_TO_32_BIT_CONVERSION = YES;
				GCC_WARN_ABOUT_RETURN_TYPE = YES_ERROR;
				GCC_WARN_UNDECLARED_SELECTOR = YES;
				GCC_WARN_UNINITIALIZED_AUTOS = YES_AGGRESSIVE;
				GCC_WARN_UNUSED_FUNCTION = YES;
				GCC_WARN_UNUSED_VARIABLE = YES;
				IPHONEOS_DEPLOYMENT_TARGET = 9.2;
				MTL_ENABLE_DEBUG_INFO = YES;
				ONLY_ACTIVE_ARCH = YES;
				SDKROOT = iphoneos;
				SWIFT_OPTIMIZATION_LEVEL = "-Onone";
				TARGETED_DEVICE_FAMILY = "1,2";
			};
			name = Debug;
		};
		DC6F063C1CE42B460044068C /* Release */ = {
			isa = XCBuildConfiguration;
			buildSettings = {
				ALWAYS_SEARCH_USER_PATHS = NO;
				CLANG_CXX_LANGUAGE_STANDARD = "gnu++0x";
				CLANG_CXX_LIBRARY = "libc++";
				CLANG_ENABLE_MODULES = YES;
				CLANG_ENABLE_OBJC_ARC = YES;
				CLANG_WARN_BOOL_CONVERSION = YES;
				CLANG_WARN_CONSTANT_CONVERSION = YES;
				CLANG_WARN_DIRECT_OBJC_ISA_USAGE = YES_ERROR;
				CLANG_WARN_EMPTY_BODY = YES;
				CLANG_WARN_ENUM_CONVERSION = YES;
				CLANG_WARN_INT_CONVERSION = YES;
				CLANG_WARN_OBJC_ROOT_CLASS = YES_ERROR;
				CLANG_WARN_UNREACHABLE_CODE = YES;
				CLANG_WARN__DUPLICATE_METHOD_MATCH = YES;
				"CODE_SIGN_IDENTITY[sdk=iphoneos*]" = "iPhone Developer";
				COPY_PHASE_STRIP = NO;
				DEBUG_INFORMATION_FORMAT = "dwarf-with-dsym";
				ENABLE_NS_ASSERTIONS = NO;
				ENABLE_STRICT_OBJC_MSGSEND = YES;
				GCC_C_LANGUAGE_STANDARD = gnu99;
				GCC_NO_COMMON_BLOCKS = YES;
				GCC_WARN_64_TO_32_BIT_CONVERSION = YES;
				GCC_WARN_ABOUT_RETURN_TYPE = YES_ERROR;
				GCC_WARN_UNDECLARED_SELECTOR = YES;
				GCC_WARN_UNINITIALIZED_AUTOS = YES_AGGRESSIVE;
				GCC_WARN_UNUSED_FUNCTION = YES;
				GCC_WARN_UNUSED_VARIABLE = YES;
				IPHONEOS_DEPLOYMENT_TARGET = 9.2;
				MTL_ENABLE_DEBUG_INFO = NO;
				SDKROOT = iphoneos;
				TARGETED_DEVICE_FAMILY = "1,2";
				VALIDATE_PRODUCT = YES;
			};
			name = Release;
		};
		DC6F063E1CE42B460044068C /* Debug */ = {
			isa = XCBuildConfiguration;
			buildSettings = {
				ASSETCATALOG_COMPILER_APPICON_NAME = AppIcon;
				FRAMEWORK_SEARCH_PATHS = (
					"$(inherited)",
					"$(PROJECT_DIR)/TRAMVNXK/Vender/UMengSDK/UMSocial_Sdk_Extra_Frameworks/TencentOpenAPI",
				);
				INFOPLIST_FILE = TRAMVNXK/Info.plist;
				LD_RUNPATH_SEARCH_PATHS = "$(inherited) @executable_path/Frameworks";
				LIBRARY_SEARCH_PATHS = (
					"$(inherited)",
					"$(PROJECT_DIR)/TRAMVNXK/Vender/UMengSDK/UMSocial_Sdk_4.4",
					"$(PROJECT_DIR)/TRAMVNXK/Vender/UMengSDK/UMSocial_Sdk_Extra_Frameworks/SinaSSO",
					"$(PROJECT_DIR)/TRAMVNXK/Vender/UMengSDK/UMSocial_Sdk_Extra_Frameworks/TencentOpenAPI",
					"$(PROJECT_DIR)/TRAMVNXK/Vender/UMengSDK/UMSocial_Sdk_Extra_Frameworks/Wechat",
				);
				PRODUCT_BUNDLE_IDENTIFIER = origin.TRAMVNXK;
				PRODUCT_NAME = "$(TARGET_NAME)";
			};
			name = Debug;
		};
		DC6F063F1CE42B460044068C /* Release */ = {
			isa = XCBuildConfiguration;
			buildSettings = {
				ASSETCATALOG_COMPILER_APPICON_NAME = AppIcon;
				FRAMEWORK_SEARCH_PATHS = (
					"$(inherited)",
					"$(PROJECT_DIR)/TRAMVNXK/Vender/UMengSDK/UMSocial_Sdk_Extra_Frameworks/TencentOpenAPI",
				);
				INFOPLIST_FILE = TRAMVNXK/Info.plist;
				LD_RUNPATH_SEARCH_PATHS = "$(inherited) @executable_path/Frameworks";
				LIBRARY_SEARCH_PATHS = (
					"$(inherited)",
					"$(PROJECT_DIR)/TRAMVNXK/Vender/UMengSDK/UMSocial_Sdk_4.4",
					"$(PROJECT_DIR)/TRAMVNXK/Vender/UMengSDK/UMSocial_Sdk_Extra_Frameworks/SinaSSO",
					"$(PROJECT_DIR)/TRAMVNXK/Vender/UMengSDK/UMSocial_Sdk_Extra_Frameworks/TencentOpenAPI",
					"$(PROJECT_DIR)/TRAMVNXK/Vender/UMengSDK/UMSocial_Sdk_Extra_Frameworks/Wechat",
				);
				PRODUCT_BUNDLE_IDENTIFIER = origin.TRAMVNXK;
				PRODUCT_NAME = "$(TARGET_NAME)";
			};
			name = Release;
		};
		DC6F06411CE42B460044068C /* Debug */ = {
			isa = XCBuildConfiguration;
			buildSettings = {
				BUNDLE_LOADER = "$(TEST_HOST)";
				INFOPLIST_FILE = TRAMVNXKTests/Info.plist;
				LD_RUNPATH_SEARCH_PATHS = "$(inherited) @executable_path/Frameworks @loader_path/Frameworks";
				PRODUCT_BUNDLE_IDENTIFIER = origin.TRAMVNXKTests;
				PRODUCT_NAME = "$(TARGET_NAME)";
				TEST_HOST = "$(BUILT_PRODUCTS_DIR)/TRAMVNXK.app/TRAMVNXK";
			};
			name = Debug;
		};
		DC6F06421CE42B460044068C /* Release */ = {
			isa = XCBuildConfiguration;
			buildSettings = {
				BUNDLE_LOADER = "$(TEST_HOST)";
				INFOPLIST_FILE = TRAMVNXKTests/Info.plist;
				LD_RUNPATH_SEARCH_PATHS = "$(inherited) @executable_path/Frameworks @loader_path/Frameworks";
				PRODUCT_BUNDLE_IDENTIFIER = origin.TRAMVNXKTests;
				PRODUCT_NAME = "$(TARGET_NAME)";
				TEST_HOST = "$(BUILT_PRODUCTS_DIR)/TRAMVNXK.app/TRAMVNXK";
			};
			name = Release;
		};
		DC6F06441CE42B460044068C /* Debug */ = {
			isa = XCBuildConfiguration;
			buildSettings = {
				INFOPLIST_FILE = TRAMVNXKUITests/Info.plist;
				LD_RUNPATH_SEARCH_PATHS = "$(inherited) @executable_path/Frameworks @loader_path/Frameworks";
				PRODUCT_BUNDLE_IDENTIFIER = origin.TRAMVNXKUITests;
				PRODUCT_NAME = "$(TARGET_NAME)";
				TEST_TARGET_NAME = TRAMVNXK;
				USES_XCTRUNNER = YES;
			};
			name = Debug;
		};
		DC6F06451CE42B460044068C /* Release */ = {
			isa = XCBuildConfiguration;
			buildSettings = {
				INFOPLIST_FILE = TRAMVNXKUITests/Info.plist;
				LD_RUNPATH_SEARCH_PATHS = "$(inherited) @executable_path/Frameworks @loader_path/Frameworks";
				PRODUCT_BUNDLE_IDENTIFIER = origin.TRAMVNXKUITests;
				PRODUCT_NAME = "$(TARGET_NAME)";
				TEST_TARGET_NAME = TRAMVNXK;
				USES_XCTRUNNER = YES;
			};
			name = Release;
		};
/* End XCBuildConfiguration section */

/* Begin XCConfigurationList section */
		DC6F06101CE42B450044068C /* Build configuration list for PBXProject "TRAMVNXK" */ = {
			isa = XCConfigurationList;
			buildConfigurations = (
				DC6F063B1CE42B460044068C /* Debug */,
				DC6F063C1CE42B460044068C /* Release */,
			);
			defaultConfigurationIsVisible = 0;
			defaultConfigurationName = Release;
		};
		DC6F063D1CE42B460044068C /* Build configuration list for PBXNativeTarget "TRAMVNXK" */ = {
			isa = XCConfigurationList;
			buildConfigurations = (
				DC6F063E1CE42B460044068C /* Debug */,
				DC6F063F1CE42B460044068C /* Release */,
			);
			defaultConfigurationIsVisible = 0;
			defaultConfigurationName = Release;
		};
		DC6F06401CE42B460044068C /* Build configuration list for PBXNativeTarget "TRAMVNXKTests" */ = {
			isa = XCConfigurationList;
			buildConfigurations = (
				DC6F06411CE42B460044068C /* Debug */,
				DC6F06421CE42B460044068C /* Release */,
			);
			defaultConfigurationIsVisible = 0;
			defaultConfigurationName = Release;
		};
		DC6F06431CE42B460044068C /* Build configuration list for PBXNativeTarget "TRAMVNXKUITests" */ = {
			isa = XCConfigurationList;
			buildConfigurations = (
				DC6F06441CE42B460044068C /* Debug */,
				DC6F06451CE42B460044068C /* Release */,
			);
			defaultConfigurationIsVisible = 0;
			defaultConfigurationName = Release;
		};
/* End XCConfigurationList section */
	};
	rootObject = DC6F060D1CE42B450044068C /* Project object */;
}
